
Microsoft Visual Studio Solution File, Format Version 12.00
# Visual Studio 14
VisualStudioVersion = 14.0.25123.0
MinimumVisualStudioVersion = 10.0.40219.1
Project("{FAE04EC0-301F-11D3-BF4B-00C04F79EFBC}") = "01. TraningLab", "01. TraningLab\01. TraningLab.csproj", "{15AE54C7-BE18-421C-9DA9-0AB381062A91}"
EndProject
Project("{FAE04EC0-301F-11D3-BF4B-00C04F79EFBC}") = "02. TransportPrice", "02. TransportPrice\02. TransportPrice.csproj", "{B74499CD-44F5-42F3-8085-62ECF1E93BB2}"
EndProject
Project("{FAE04EC0-301F-11D3-BF4B-00C04F79EFBC}") = "05. Fort", "05. Fort\05. Fort.csproj", "{7383D908-0C26-4882-AF18-B33E384A7158}"
EndProject
Project("{FAE04EC0-301F-11D3-BF4B-00C04F79EFBC}") = "03. OnTimeForExam", "03. OnTimeForExam\03. OnTimeForExam.csproj", "{6FE01893-5631-4276-B7A0-73DB9DE65B18}"
EndProject
Project("{FAE04EC0-301F-11D3-BF4B-00C04F79EFBC}") = "04. Histogram", "04. Histogram\04. Histogram.csproj", "{9868970F-AB16-4C0A-B37F-B812A757A34B}"
EndProject
Project("{FAE04EC0-301F-11D3-BF4B-00C04F79EFBC}") = "06. StupidPasswordGenerator", "06. StupidPasswordGenerator\06. StupidPasswordGenerator.csproj", "{984D9F0A-E79B-4129-BCCF-100201E4C75C}"
EndProject
Project("{FAE04EC0-301F-11D3-BF4B-00C04F79EFBC}") = "07. MyFort", "07. MyFort\07. MyFort.csproj", "{82739982-056E-475E-BC32-01D21C658EEA}"
EndProject
Global
	GlobalSection(SolutionConfigurationPlatforms) = preSolution
		Debug|Any CPU = Debug|Any CPU
		Release|Any CPU = Release|Any CPU
	EndGlobalSection
	GlobalSection(ProjectConfigurationPlatforms) = postSolution
		{15AE54C7-BE18-421C-9DA9-0AB381062A91}.Debug|Any CPU.ActiveCfg = Debug|Any CPU
		{15AE54C7-BE18-421C-9DA9-0AB381062A91}.Debug|Any CPU.Build.0 = Debug|Any CPU
		{15AE54C7-BE18-421C-9DA9-0AB381062A91}.Release|Any CPU.ActiveCfg = Release|Any CPU
		{15AE54C7-BE18-421C-9DA9-0AB381062A91}.Release|Any CPU.Build.0 = Release|Any CPU
		{B74499CD-44F5-42F3-8085-62ECF1E93BB2}.Debug|Any CPU.ActiveCfg = Debug|Any CPU
		{B74499CD-44F5-42F3-8085-62ECF1E93BB2}.Debug|Any CPU.Build.0 = Debug|Any CPU
		{B74499CD-44F5-42F3-8085-62ECF1E93BB2}.Release|Any CPU.ActiveCfg = Release|Any CPU
		{B74499CD-44F5-42F3-8085-62ECF1E93BB2}.Release|Any CPU.Build.0 = Release|Any CPU
		{7383D908-0C26-4882-AF18-B33E384A7158}.Debug|Any CPU.ActiveCfg = Debug|Any CPU
		{7383D908-0C26-4882-AF18-B33E384A7158}.Debug|Any CPU.Build.0 = Debug|Any CPU
		{7383D908-0C26-4882-AF18-B33E384A7158}.Release|Any CPU.ActiveCfg = Release|Any CPU
		{7383D908-0C26-4882-AF18-B33E384A7158}.Release|Any CPU.Build.0 = Release|Any CPU
		{6FE01893-5631-4276-B7A0-73DB9DE65B18}.Debug|Any CPU.ActiveCfg = Debug|Any CPU
		{6FE01893-5631-4276-B7A0-73DB9DE65B18}.Debug|Any CPU.Build.0 = Debug|Any CPU
		{6FE01893-5631-4276-B7A0-73DB9DE65B18}.Release|Any CPU.ActiveCfg = Release|Any CPU
		{6FE01893-5631-4276-B7A0-73DB9DE65B18}.Release|Any CPU.Build.0 = Release|Any CPU
		{9868970F-AB16-4C0A-B37F-B812A757A34B}.Debug|Any CPU.ActiveCfg = Debug|Any CPU
		{9868970F-AB16-4C0A-B37F-B812A757A34B}.Debug|Any CPU.Build.0 = Debug|Any CPU
		{9868970F-AB16-4C0A-B37F-B812A757A34B}.Release|Any CPU.ActiveCfg = Release|Any CPU
		{9868970F-AB16-4C0A-B37F-B812A757A34B}.Release|Any CPU.Build.0 = Release|Any CPU
		{984D9F0A-E79B-4129-BCCF-100201E4C75C}.Debug|Any CPU.ActiveCfg = Debug|Any CPU
		{984D9F0A-E79B-4129-BCCF-100201E4C75C}.Debug|Any CPU.Build.0 = Debug|Any CPU
		{984D9F0A-E79B-4129-BCCF-100201E4C75C}.Release|Any CPU.ActiveCfg = Release|Any CPU
		{984D9F0A-E79B-4129-BCCF-100201E4C75C}.Release|Any CPU.Build.0 = Release|Any CPU
		{82739982-056E-475E-BC32-01D21C658EEA}.Debug|Any CPU.ActiveCfg = Debug|Any CPU
		{82739982-056E-475E-BC32-01D21C658EEA}.Debug|Any CPU.Build.0 = Debug|Any CPU
		{82739982-056E-475E-BC32-01D21C658EEA}.Release|Any CPU.ActiveCfg = Release|Any CPU
		{82739982-056E-475E-BC32-01D21C658EEA}.Release|Any CPU.Build.0 = Release|Any CPU
	EndGlobalSection
	GlobalSection(SolutionProperties) = preSolution
		HideSolutionNode = FALSE
	EndGlobalSection
EndGlobal
