
Microsoft Visual Studio Solution File, Format Version 12.00
# Visual Studio 14
VisualStudioVersion = 14.0.25123.0
MinimumVisualStudioVersion = 10.0.40219.1
Project("{FAE04EC0-301F-11D3-BF4B-00C04F79EFBC}") = "01. RectangleOf10x10Stars", "01. RectangleOf10x10Stars\01. RectangleOf10x10Stars.csproj", "{4628A81F-D762-4798-B4F2-89AC2262649E}"
EndProject
Project("{FAE04EC0-301F-11D3-BF4B-00C04F79EFBC}") = "02. RectangleOfNxNStars", "02. RectangleOfNxNStars\02. RectangleOfNxNStars.csproj", "{334D0264-DD59-47CA-A227-7554FC5FA6C9}"
EndProject
Project("{FAE04EC0-301F-11D3-BF4B-00C04F79EFBC}") = "03. SquareOfStars", "03. SquareOfStars\03. SquareOfStars.csproj", "{7B5B153A-DD01-41A4-A1AF-ED186ED2BF80}"
EndProject
Project("{FAE04EC0-301F-11D3-BF4B-00C04F79EFBC}") = "04. TriangleOfDollars", "04. TriangleOfDollars\04. TriangleOfDollars.csproj", "{EDD3B995-CE26-4C93-9E37-77940DEC28AB}"
EndProject
Project("{FAE04EC0-301F-11D3-BF4B-00C04F79EFBC}") = "05. SquareFrame", "05. SquareFrame\05. SquareFrame.csproj", "{6A223268-9D9D-49C6-8E73-0631E80DE997}"
EndProject
Project("{FAE04EC0-301F-11D3-BF4B-00C04F79EFBC}") = "06. RhombusOfStars", "06. RhombusOfStars\06. RhombusOfStars.csproj", "{FCD25CD0-F57F-4E9C-8CDE-5D432D0EEB72}"
EndProject
Project("{FAE04EC0-301F-11D3-BF4B-00C04F79EFBC}") = "07. ChristmasTree", "07. ChristmasTree\07. ChristmasTree.csproj", "{E0C754E3-81A9-4B28-BED6-36A5F6470A67}"
EndProject
Project("{FAE04EC0-301F-11D3-BF4B-00C04F79EFBC}") = "08. Sunglasses", "08. Sunglasses\08. Sunglasses.csproj", "{5188540E-0E35-4FA3-96CD-66CB17C8337F}"
EndProject
Project("{FAE04EC0-301F-11D3-BF4B-00C04F79EFBC}") = "09. House", "09. House\09. House.csproj", "{BC1E8B5D-B3E5-4A2D-BA8E-9FD246EFC0CB}"
EndProject
Project("{FAE04EC0-301F-11D3-BF4B-00C04F79EFBC}") = "10. Diamond", "10. Diamond\10. Diamond.csproj", "{F809450D-AE1A-4098-86C0-61A7A70A96B6}"
EndProject
Global
	GlobalSection(SolutionConfigurationPlatforms) = preSolution
		Debug|Any CPU = Debug|Any CPU
		Release|Any CPU = Release|Any CPU
	EndGlobalSection
	GlobalSection(ProjectConfigurationPlatforms) = postSolution
		{4628A81F-D762-4798-B4F2-89AC2262649E}.Debug|Any CPU.ActiveCfg = Debug|Any CPU
		{4628A81F-D762-4798-B4F2-89AC2262649E}.Debug|Any CPU.Build.0 = Debug|Any CPU
		{4628A81F-D762-4798-B4F2-89AC2262649E}.Release|Any CPU.ActiveCfg = Release|Any CPU
		{4628A81F-D762-4798-B4F2-89AC2262649E}.Release|Any CPU.Build.0 = Release|Any CPU
		{334D0264-DD59-47CA-A227-7554FC5FA6C9}.Debug|Any CPU.ActiveCfg = Debug|Any CPU
		{334D0264-DD59-47CA-A227-7554FC5FA6C9}.Debug|Any CPU.Build.0 = Debug|Any CPU
		{334D0264-DD59-47CA-A227-7554FC5FA6C9}.Release|Any CPU.ActiveCfg = Release|Any CPU
		{334D0264-DD59-47CA-A227-7554FC5FA6C9}.Release|Any CPU.Build.0 = Release|Any CPU
		{7B5B153A-DD01-41A4-A1AF-ED186ED2BF80}.Debug|Any CPU.ActiveCfg = Debug|Any CPU
		{7B5B153A-DD01-41A4-A1AF-ED186ED2BF80}.Debug|Any CPU.Build.0 = Debug|Any CPU
		{7B5B153A-DD01-41A4-A1AF-ED186ED2BF80}.Release|Any CPU.ActiveCfg = Release|Any CPU
		{7B5B153A-DD01-41A4-A1AF-ED186ED2BF80}.Release|Any CPU.Build.0 = Release|Any CPU
		{EDD3B995-CE26-4C93-9E37-77940DEC28AB}.Debug|Any CPU.ActiveCfg = Debug|Any CPU
		{EDD3B995-CE26-4C93-9E37-77940DEC28AB}.Debug|Any CPU.Build.0 = Debug|Any CPU
		{EDD3B995-CE26-4C93-9E37-77940DEC28AB}.Release|Any CPU.ActiveCfg = Release|Any CPU
		{EDD3B995-CE26-4C93-9E37-77940DEC28AB}.Release|Any CPU.Build.0 = Release|Any CPU
		{6A223268-9D9D-49C6-8E73-0631E80DE997}.Debug|Any CPU.ActiveCfg = Debug|Any CPU
		{6A223268-9D9D-49C6-8E73-0631E80DE997}.Debug|Any CPU.Build.0 = Debug|Any CPU
		{6A223268-9D9D-49C6-8E73-0631E80DE997}.Release|Any CPU.ActiveCfg = Release|Any CPU
		{6A223268-9D9D-49C6-8E73-0631E80DE997}.Release|Any CPU.Build.0 = Release|Any CPU
		{FCD25CD0-F57F-4E9C-8CDE-5D432D0EEB72}.Debug|Any CPU.ActiveCfg = Debug|Any CPU
		{FCD25CD0-F57F-4E9C-8CDE-5D432D0EEB72}.Debug|Any CPU.Build.0 = Debug|Any CPU
		{FCD25CD0-F57F-4E9C-8CDE-5D432D0EEB72}.Release|Any CPU.ActiveCfg = Release|Any CPU
		{FCD25CD0-F57F-4E9C-8CDE-5D432D0EEB72}.Release|Any CPU.Build.0 = Release|Any CPU
		{E0C754E3-81A9-4B28-BED6-36A5F6470A67}.Debug|Any CPU.ActiveCfg = Debug|Any CPU
		{E0C754E3-81A9-4B28-BED6-36A5F6470A67}.Debug|Any CPU.Build.0 = Debug|Any CPU
		{E0C754E3-81A9-4B28-BED6-36A5F6470A67}.Release|Any CPU.ActiveCfg = Release|Any CPU
		{E0C754E3-81A9-4B28-BED6-36A5F6470A67}.Release|Any CPU.Build.0 = Release|Any CPU
		{5188540E-0E35-4FA3-96CD-66CB17C8337F}.Debug|Any CPU.ActiveCfg = Debug|Any CPU
		{5188540E-0E35-4FA3-96CD-66CB17C8337F}.Debug|Any CPU.Build.0 = Debug|Any CPU
		{5188540E-0E35-4FA3-96CD-66CB17C8337F}.Release|Any CPU.ActiveCfg = Release|Any CPU
		{5188540E-0E35-4FA3-96CD-66CB17C8337F}.Release|Any CPU.Build.0 = Release|Any CPU
		{BC1E8B5D-B3E5-4A2D-BA8E-9FD246EFC0CB}.Debug|Any CPU.ActiveCfg = Debug|Any CPU
		{BC1E8B5D-B3E5-4A2D-BA8E-9FD246EFC0CB}.Debug|Any CPU.Build.0 = Debug|Any CPU
		{BC1E8B5D-B3E5-4A2D-BA8E-9FD246EFC0CB}.Release|Any CPU.ActiveCfg = Release|Any CPU
		{BC1E8B5D-B3E5-4A2D-BA8E-9FD246EFC0CB}.Release|Any CPU.Build.0 = Release|Any CPU
		{F809450D-AE1A-4098-86C0-61A7A70A96B6}.Debug|Any CPU.ActiveCfg = Debug|Any CPU
		{F809450D-AE1A-4098-86C0-61A7A70A96B6}.Debug|Any CPU.Build.0 = Debug|Any CPU
		{F809450D-AE1A-4098-86C0-61A7A70A96B6}.Release|Any CPU.ActiveCfg = Release|Any CPU
		{F809450D-AE1A-4098-86C0-61A7A70A96B6}.Release|Any CPU.Build.0 = Release|Any CPU
	EndGlobalSection
	GlobalSection(SolutionProperties) = preSolution
		HideSolutionNode = FALSE
	EndGlobalSection
EndGlobal
